
Microsoft Visual Studio Solution File, Format Version 12.00
# Visual Studio Version 16
VisualStudioVersion = 16.0.32002.261
MinimumVisualStudioVersion = 10.0.40219.1
Project("{9A19103F-16F7-4668-BE54-9A1E7A4F7556}") = "Problem3", "Assignment5\Problem3.csproj", "{0B491712-21A5-45E5-B299-9B3C6F139F70}"
EndProject
Project("{9A19103F-16F7-4668-BE54-9A1E7A4F7556}") = "Problem1", "Problem1\Problem1.csproj", "{66067EE2-8E30-4D44-94E4-92B3945B3FA0}"
EndProject
Project("{9A19103F-16F7-4668-BE54-9A1E7A4F7556}") = "Problem2", "Problem2\Problem2.csproj", "{554A0F73-6790-414A-8366-476F005AE922}"
EndProject
Project("{9A19103F-16F7-4668-BE54-9A1E7A4F7556}") = "Problem4", "Problem4\Problem4.csproj", "{5D803CD0-4E4E-46C8-9FC7-5A6F588514B6}"
EndProject
Project("{FAE04EC0-301F-11D3-BF4B-00C04F79EFBC}") = "TestProject", "TestProject\TestProject.csproj", "{7ADAF687-86F6-48E9-B8B2-F73B7ADE8CC3}"
EndProject
Global
	GlobalSection(SolutionConfigurationPlatforms) = preSolution
		Debug|Any CPU = Debug|Any CPU
		Release|Any CPU = Release|Any CPU
	EndGlobalSection
	GlobalSection(ProjectConfigurationPlatforms) = postSolution
		{0B491712-21A5-45E5-B299-9B3C6F139F70}.Debug|Any CPU.ActiveCfg = Debug|Any CPU
		{0B491712-21A5-45E5-B299-9B3C6F139F70}.Debug|Any CPU.Build.0 = Debug|Any CPU
		{0B491712-21A5-45E5-B299-9B3C6F139F70}.Release|Any CPU.ActiveCfg = Release|Any CPU
		{0B491712-21A5-45E5-B299-9B3C6F139F70}.Release|Any CPU.Build.0 = Release|Any CPU
		{66067EE2-8E30-4D44-94E4-92B3945B3FA0}.Debug|Any CPU.ActiveCfg = Debug|Any CPU
		{66067EE2-8E30-4D44-94E4-92B3945B3FA0}.Debug|Any CPU.Build.0 = Debug|Any CPU
		{66067EE2-8E30-4D44-94E4-92B3945B3FA0}.Release|Any CPU.ActiveCfg = Release|Any CPU
		{66067EE2-8E30-4D44-94E4-92B3945B3FA0}.Release|Any CPU.Build.0 = Release|Any CPU
		{554A0F73-6790-414A-8366-476F005AE922}.Debug|Any CPU.ActiveCfg = Debug|Any CPU
		{554A0F73-6790-414A-8366-476F005AE922}.Debug|Any CPU.Build.0 = Debug|Any CPU
		{554A0F73-6790-414A-8366-476F005AE922}.Release|Any CPU.ActiveCfg = Release|Any CPU
		{554A0F73-6790-414A-8366-476F005AE922}.Release|Any CPU.Build.0 = Release|Any CPU
		{5D803CD0-4E4E-46C8-9FC7-5A6F588514B6}.Debug|Any CPU.ActiveCfg = Debug|Any CPU
		{5D803CD0-4E4E-46C8-9FC7-5A6F588514B6}.Debug|Any CPU.Build.0 = Debug|Any CPU
		{5D803CD0-4E4E-46C8-9FC7-5A6F588514B6}.Release|Any CPU.ActiveCfg = Release|Any CPU
		{5D803CD0-4E4E-46C8-9FC7-5A6F588514B6}.Release|Any CPU.Build.0 = Release|Any CPU
		{7ADAF687-86F6-48E9-B8B2-F73B7ADE8CC3}.Debug|Any CPU.ActiveCfg = Debug|Any CPU
		{7ADAF687-86F6-48E9-B8B2-F73B7ADE8CC3}.Debug|Any CPU.Build.0 = Debug|Any CPU
		{7ADAF687-86F6-48E9-B8B2-F73B7ADE8CC3}.Release|Any CPU.ActiveCfg = Release|Any CPU
		{7ADAF687-86F6-48E9-B8B2-F73B7ADE8CC3}.Release|Any CPU.Build.0 = Release|Any CPU
	EndGlobalSection
	GlobalSection(SolutionProperties) = preSolution
		HideSolutionNode = FALSE
	EndGlobalSection
	GlobalSection(ExtensibilityGlobals) = postSolution
		SolutionGuid = {DF2C0645-68ED-4E35-8A41-5409709DFC6C}
	EndGlobalSection
EndGlobal
